lockfileVersion: '9.0'

settings:
  autoInstallPeers: true
  excludeLinksFromLockfile: false

importers:

  .:
    dependencies:
      zod:
        specifier: ^3.25.76
        version: 3.25.76
    devDependencies:
      dotenv:
        specifier: ^17.2.3
        version: 17.2.3
      dotenv-expand:
        specifier: ^11.0.7
        version: 11.0.7
      husky:
        specifier: ^9.1.7
        version: 9.1.7
      prettier:
        specifier: ^3.6.2
        version: 3.6.2
      validate-env-vars:
        specifier: 1.0.0
        version: 1.0.0(dotenv-expand@11.0.7)(dotenv@17.2.3)(zod@3.25.76)

packages:

  dotenv-expand@11.0.7:
    resolution: {integrity: sha512-zIHwmZPRshsCdpMDyVsqGmgyP0yT8GAgXUnkdAoJisxvf33k7yO6OuoKmcTGuXPWSsm8Oh88nZicRLA9Y0rUeA==}
    engines: {node: '>=12'}

  dotenv@16.6.1:
    resolution: {integrity: sha512-uBq4egWHTcTt33a72vpSG0z3HnPuIl6NqYcTrKEg2azoEyl2hpW0zqlxysq2pK9HlDIHyHyakeYaYnSAwd8bow==}
    engines: {node: '>=12'}

  dotenv@17.2.3:
    resolution: {integrity: sha512-JVUnt+DUIzu87TABbhPmNfVdBDt18BLOWjMUFJMSi/Qqg7NTYtabbvSNJGOJ7afbRuv9D/lngizHtP7QyLQ+9w==}
    engines: {node: '>=12'}

  husky@9.1.7:
    resolution: {integrity: sha512-5gs5ytaNjBrh5Ow3zrvdUUY+0VxIuWVL4i9irt6friV+BqdCfmV11CQTWMiBYWHbXhco+J1kHfTOUkePhCDvMA==}
    engines: {node: '>=18'}
    hasBin: true

  prettier@3.6.2:
    resolution: {integrity: sha512-I7AIg5boAr5R0FFtJ6rCfD+LFsWHp81dolrFD8S79U9tb8Az2nGrJncnMSnys+bpQJfRUzqs9hnA81OAA3hCuQ==}
    engines: {node: '>=14'}
    hasBin: true

  validate-env-vars@1.0.0:
    resolution: {integrity: sha512-jFNksvSefBQaTmx4EOfs3dyTC/l62RK1AcVgiGqabQyamQwX+Hv7oqBZ1kjHD/cLGmbqhHPK3KlbtnH9+jrBRw==}
    engines: {node: '>=20'}
    peerDependencies:
      dotenv: ^16.4.0
      dotenv-expand: ^12.0.3
      zod: ^4.1.11

  zod@3.25.76:
    resolution: {integrity: sha512-gzUt/qt81nXsFGKIFcC3YnfEAx5NkunCfnDlvuBSSFS02bcXu4Lmea0AFIUwbLWxWPx3d9p8S5QoaujKcNQxcQ==}

snapshots:

  dotenv-expand@11.0.7:
    dependencies:
      dotenv: 16.6.1

  dotenv@16.6.1: {}

  dotenv@17.2.3: {}

  husky@9.1.7: {}

  prettier@3.6.2: {}

  validate-env-vars@1.0.0(dotenv-expand@11.0.7)(dotenv@17.2.3)(zod@3.25.76):
    dependencies:
      dotenv: 17.2.3
      dotenv-expand: 11.0.7
      zod: 3.25.76

  zod@3.25.76: {}
