lockfileVersion: '9.0'

settings:
  autoInstallPeers: true
  excludeLinksFromLockfile: false

importers:

  .:
    dependencies:
      zod:
        specifier: ^4.3.5
        version: 4.3.5
    devDependencies:
      dotenv:
        specifier: ^17.2.3
        version: 17.2.3
      dotenv-expand:
        specifier: ^12.0.3
        version: 12.0.3
      husky:
        specifier: ^9.1.7
        version: 9.1.7
      prettier:
        specifier: ^3.7.4
        version: 3.7.4
      validate-env-vars:
        specifier: ^2.0.0
        version: 2.0.0(zod@4.3.5)

packages:

  dotenv-expand@12.0.3:
    resolution: {integrity: sha512-uc47g4b+4k/M/SeaW1y4OApx+mtLWl92l5LMPP0GNXctZqELk+YGgOPIIC5elYmUH4OuoK3JLhuRUYegeySiFA==}
    engines: {node: '>=12'}

  dotenv@16.6.1:
    resolution: {integrity: sha512-uBq4egWHTcTt33a72vpSG0z3HnPuIl6NqYcTrKEg2azoEyl2hpW0zqlxysq2pK9HlDIHyHyakeYaYnSAwd8bow==}
    engines: {node: '>=12'}

  dotenv@17.2.3:
    resolution: {integrity: sha512-JVUnt+DUIzu87TABbhPmNfVdBDt18BLOWjMUFJMSi/Qqg7NTYtabbvSNJGOJ7afbRuv9D/lngizHtP7QyLQ+9w==}
    engines: {node: '>=12'}

  husky@9.1.7:
    resolution: {integrity: sha512-5gs5ytaNjBrh5Ow3zrvdUUY+0VxIuWVL4i9irt6friV+BqdCfmV11CQTWMiBYWHbXhco+J1kHfTOUkePhCDvMA==}
    engines: {node: '>=18'}
    hasBin: true

  prettier@3.7.4:
    resolution: {integrity: sha512-v6UNi1+3hSlVvv8fSaoUbggEM5VErKmmpGA7Pl3HF8V6uKY7rvClBOJlH6yNwQtfTueNkGVpOv/mtWL9L4bgRA==}
    engines: {node: '>=14'}
    hasBin: true

  validate-env-vars@2.0.0:
    resolution: {integrity: sha512-U/e9nZYQ23bCsQjrng8SxZQWs1oAznHdfqI731tO5+g1UrCAuRONr6MgVFcfkfTVVuHe+Q9c9DnvFJK+Sp7p+w==}
    engines: {node: '>=20.12.0'}
    peerDependencies:
      zod: ^4.0.0

  zod@4.3.5:
    resolution: {integrity: sha512-k7Nwx6vuWx1IJ9Bjuf4Zt1PEllcwe7cls3VNzm4CQ1/hgtFUK2bRNG3rvnpPUhFjmqJKAKtjV576KnUkHocg/g==}

snapshots:

  dotenv-expand@12.0.3:
    dependencies:
      dotenv: 16.6.1

  dotenv@16.6.1: {}

  dotenv@17.2.3: {}

  husky@9.1.7: {}

  prettier@3.7.4: {}

  validate-env-vars@2.0.0(zod@4.3.5):
    dependencies:
      zod: 4.3.5

  zod@4.3.5: {}
