lockfileVersion: '6.0'

settings:
  autoInstallPeers: true
  excludeLinksFromLockfile: false

devDependencies:
  husky:
    specifier: ^8.0.0
    version: 8.0.3
  prettier:
    specifier: ^3.2.2
    version: 3.2.2
  validate-env-vars:
    specifier: ^0.2.4
    version: 0.2.4

packages:

  /husky@8.0.3:
    resolution: {integrity: sha512-+dQSyqPh4x1hlO1swXBiNb2HzTDN1I2IGLQx1GrBuiqFJfoMrnZWwVmatvSiO+Iz8fBUnf+lekwNo4c2LlXItg==}
    engines: {node: '>=14'}
    hasBin: true
    dev: true

  /prettier@3.2.2:
    resolution: {integrity: sha512-HTByuKZzw7utPiDO523Tt2pLtEyK7OibUD9suEJQrPUCYQqrHr74GGX6VidMrovbf/I50mPqr8j/II6oBAuc5A==}
    engines: {node: '>=14'}
    hasBin: true
    dev: true

  /validate-env-vars@0.2.4:
    resolution: {integrity: sha512-T2PSwFNEMabORxtmRC+38PhLru+9ojDALGneKGt8Hasni6ss4/5A9k2ICkmX17L6U08XfnCm6gA6OnfcnA22yg==}
    engines: {node: '>=20'}
    hasBin: true
    dev: true
